
Microsoft Visual Studio Solution File, Format Version 12.00
# Visual Studio Version 17
VisualStudioVersion = 17.1.32421.90
MinimumVisualStudioVersion = 10.0.40219.1
Project("{FAE04EC0-301F-11D3-BF4B-00C04F79EFBC}") = "App01_ConsultarCep.UWP", "App01_ConsultarCep\App01_ConsultarCep.UWP\App01_ConsultarCep.UWP.csproj", "{547C2170-55E4-4175-898F-509E356DCB1B}"
EndProject
Project("{FAE04EC0-301F-11D3-BF4B-00C04F79EFBC}") = "App01_ConsultarCep.Android", "App01_ConsultarCep\App01_ConsultarCep.Android\App01_ConsultarCep.Android.csproj", "{3FF26F97-D322-43C0-B15E-D9D18CFF0638}"
EndProject
Project("{FAE04EC0-301F-11D3-BF4B-00C04F79EFBC}") = "App01_ConsultarCep.iOS", "App01_ConsultarCep\App01_ConsultarCep.iOS\App01_ConsultarCep.iOS.csproj", "{A6BAB127-5903-4B95-9A6F-4D48684FB863}"
EndProject
Project("{FAE04EC0-301F-11D3-BF4B-00C04F79EFBC}") = "App01_ConsultarCep", "App01_ConsultarCep\App01_ConsultarCep\App01_ConsultarCep.csproj", "{1708B9C1-8D15-410A-AA37-4C087E04C4BE}"
EndProject
Global
	GlobalSection(SolutionConfigurationPlatforms) = preSolution
		Debug|Any CPU = Debug|Any CPU
		Debug|ARM = Debug|ARM
		Debug|iPhone = Debug|iPhone
		Debug|iPhoneSimulator = Debug|iPhoneSimulator
		Debug|x64 = Debug|x64
		Debug|x86 = Debug|x86
		Release|Any CPU = Release|Any CPU
		Release|ARM = Release|ARM
		Release|iPhone = Release|iPhone
		Release|iPhoneSimulator = Release|iPhoneSimulator
		Release|x64 = Release|x64
		Release|x86 = Release|x86
	EndGlobalSection
	GlobalSection(ProjectConfigurationPlatforms) = postSolution
		{547C2170-55E4-4175-898F-509E356DCB1B}.Debug|Any CPU.ActiveCfg = Debug|x64
		{547C2170-55E4-4175-898F-509E356DCB1B}.Debug|Any CPU.Build.0 = Debug|x64
		{547C2170-55E4-4175-898F-509E356DCB1B}.Debug|Any CPU.Deploy.0 = Debug|x64
		{547C2170-55E4-4175-898F-509E356DCB1B}.Debug|ARM.ActiveCfg = Debug|ARM
		{547C2170-55E4-4175-898F-509E356DCB1B}.Debug|ARM.Build.0 = Debug|ARM
		{547C2170-55E4-4175-898F-509E356DCB1B}.Debug|ARM.Deploy.0 = Debug|ARM
		{547C2170-55E4-4175-898F-509E356DCB1B}.Debug|iPhone.ActiveCfg = Debug|x64
		{547C2170-55E4-4175-898F-509E356DCB1B}.Debug|iPhone.Build.0 = Debug|x64
		{547C2170-55E4-4175-898F-509E356DCB1B}.Debug|iPhone.Deploy.0 = Debug|x64
		{547C2170-55E4-4175-898F-509E356DCB1B}.Debug|iPhoneSimulator.ActiveCfg = Debug|x64
		{547C2170-55E4-4175-898F-509E356DCB1B}.Debug|iPhoneSimulator.Build.0 = Debug|x64
		{547C2170-55E4-4175-898F-509E356DCB1B}.Debug|iPhoneSimulator.Deploy.0 = Debug|x64
		{547C2170-55E4-4175-898F-509E356DCB1B}.Debug|x64.ActiveCfg = Debug|x64
		{547C2170-55E4-4175-898F-509E356DCB1B}.Debug|x64.Build.0 = Debug|x64
		{547C2170-55E4-4175-898F-509E356DCB1B}.Debug|x64.Deploy.0 = Debug|x64
		{547C2170-55E4-4175-898F-509E356DCB1B}.Debug|x86.ActiveCfg = Debug|x86
		{547C2170-55E4-4175-898F-509E356DCB1B}.Debug|x86.Build.0 = Debug|x86
		{547C2170-55E4-4175-898F-509E356DCB1B}.Debug|x86.Deploy.0 = Debug|x86
		{547C2170-55E4-4175-898F-509E356DCB1B}.Release|Any CPU.ActiveCfg = Release|x64
		{547C2170-55E4-4175-898F-509E356DCB1B}.Release|Any CPU.Build.0 = Release|x64
		{547C2170-55E4-4175-898F-509E356DCB1B}.Release|Any CPU.Deploy.0 = Release|x64
		{547C2170-55E4-4175-898F-509E356DCB1B}.Release|ARM.ActiveCfg = Release|ARM
		{547C2170-55E4-4175-898F-509E356DCB1B}.Release|ARM.Build.0 = Release|ARM
		{547C2170-55E4-4175-898F-509E356DCB1B}.Release|ARM.Deploy.0 = Release|ARM
		{547C2170-55E4-4175-898F-509E356DCB1B}.Release|iPhone.ActiveCfg = Release|x64
		{547C2170-55E4-4175-898F-509E356DCB1B}.Release|iPhone.Build.0 = Release|x64
		{547C2170-55E4-4175-898F-509E356DCB1B}.Release|iPhone.Deploy.0 = Release|x64
		{547C2170-55E4-4175-898F-509E356DCB1B}.Release|iPhoneSimulator.ActiveCfg = Release|x64
		{547C2170-55E4-4175-898F-509E356DCB1B}.Release|iPhoneSimulator.Build.0 = Release|x64
		{547C2170-55E4-4175-898F-509E356DCB1B}.Release|iPhoneSimulator.Deploy.0 = Release|x64
		{547C2170-55E4-4175-898F-509E356DCB1B}.Release|x64.ActiveCfg = Release|x64
		{547C2170-55E4-4175-898F-509E356DCB1B}.Release|x64.Build.0 = Release|x64
		{547C2170-55E4-4175-898F-509E356DCB1B}.Release|x64.Deploy.0 = Release|x64
		{547C2170-55E4-4175-898F-509E356DCB1B}.Release|x86.ActiveCfg = Release|x86
		{547C2170-55E4-4175-898F-509E356DCB1B}.Release|x86.Build.0 = Release|x86
		{547C2170-55E4-4175-898F-509E356DCB1B}.Release|x86.Deploy.0 = Release|x86
		{3FF26F97-D322-43C0-B15E-D9D18CFF0638}.Debug|Any CPU.ActiveCfg = Debug|Any CPU
		{3FF26F97-D322-43C0-B15E-D9D18CFF0638}.Debug|Any CPU.Build.0 = Debug|Any CPU
		{3FF26F97-D322-43C0-B15E-D9D18CFF0638}.Debug|Any CPU.Deploy.0 = Debug|Any CPU
		{3FF26F97-D322-43C0-B15E-D9D18CFF0638}.Debug|ARM.ActiveCfg = Debug|Any CPU
		{3FF26F97-D322-43C0-B15E-D9D18CFF0638}.Debug|ARM.Build.0 = Debug|Any CPU
		{3FF26F97-D322-43C0-B15E-D9D18CFF0638}.Debug|ARM.Deploy.0 = Debug|Any CPU
		{3FF26F97-D322-43C0-B15E-D9D18CFF0638}.Debug|iPhone.ActiveCfg = Debug|Any CPU
		{3FF26F97-D322-43C0-B15E-D9D18CFF0638}.Debug|iPhone.Build.0 = Debug|Any CPU
		{3FF26F97-D322-43C0-B15E-D9D18CFF0638}.Debug|iPhone.Deploy.0 = Debug|Any CPU
		{3FF26F97-D322-43C0-B15E-D9D18CFF0638}.Debug|iPhoneSimulator.ActiveCfg = Debug|Any CPU
		{3FF26F97-D322-43C0-B15E-D9D18CFF0638}.Debug|iPhoneSimulator.Build.0 = Debug|Any CPU
		{3FF26F97-D322-43C0-B15E-D9D18CFF0638}.Debug|iPhoneSimulator.Deploy.0 = Debug|Any CPU
		{3FF26F97-D322-43C0-B15E-D9D18CFF0638}.Debug|x64.ActiveCfg = Debug|Any CPU
		{3FF26F97-D322-43C0-B15E-D9D18CFF0638}.Debug|x64.Build.0 = Debug|Any CPU
		{3FF26F97-D322-43C0-B15E-D9D18CFF0638}.Debug|x64.Deploy.0 = Debug|Any CPU
		{3FF26F97-D322-43C0-B15E-D9D18CFF0638}.Debug|x86.ActiveCfg = Debug|Any CPU
		{3FF26F97-D322-43C0-B15E-D9D18CFF0638}.Debug|x86.Build.0 = Debug|Any CPU
		{3FF26F97-D322-43C0-B15E-D9D18CFF0638}.Debug|x86.Deploy.0 = Debug|Any CPU
		{3FF26F97-D322-43C0-B15E-D9D18CFF0638}.Release|Any CPU.ActiveCfg = Release|Any CPU
		{3FF26F97-D322-43C0-B15E-D9D18CFF0638}.Release|Any CPU.Build.0 = Release|Any CPU
		{3FF26F97-D322-43C0-B15E-D9D18CFF0638}.Release|Any CPU.Deploy.0 = Release|Any CPU
		{3FF26F97-D322-43C0-B15E-D9D18CFF0638}.Release|ARM.ActiveCfg = Release|Any CPU
		{3FF26F97-D322-43C0-B15E-D9D18CFF0638}.Release|ARM.Build.0 = Release|Any CPU
		{3FF26F97-D322-43C0-B15E-D9D18CFF0638}.Release|ARM.Deploy.0 = Release|Any CPU
		{3FF26F97-D322-43C0-B15E-D9D18CFF0638}.Release|iPhone.ActiveCfg = Release|Any CPU
		{3FF26F97-D322-43C0-B15E-D9D18CFF0638}.Release|iPhone.Build.0 = Release|Any CPU
		{3FF26F97-D322-43C0-B15E-D9D18CFF0638}.Release|iPhone.Deploy.0 = Release|Any CPU
		{3FF26F97-D322-43C0-B15E-D9D18CFF0638}.Release|iPhoneSimulator.ActiveCfg = Release|Any CPU
		{3FF26F97-D322-43C0-B15E-D9D18CFF0638}.Release|iPhoneSimulator.Build.0 = Release|Any CPU
		{3FF26F97-D322-43C0-B15E-D9D18CFF0638}.Release|iPhoneSimulator.Deploy.0 = Release|Any CPU
		{3FF26F97-D322-43C0-B15E-D9D18CFF0638}.Release|x64.ActiveCfg = Release|Any CPU
		{3FF26F97-D322-43C0-B15E-D9D18CFF0638}.Release|x64.Build.0 = Release|Any CPU
		{3FF26F97-D322-43C0-B15E-D9D18CFF0638}.Release|x64.Deploy.0 = Release|Any CPU
		{3FF26F97-D322-43C0-B15E-D9D18CFF0638}.Release|x86.ActiveCfg = Release|Any CPU
		{3FF26F97-D322-43C0-B15E-D9D18CFF0638}.Release|x86.Build.0 = Release|Any CPU
		{3FF26F97-D322-43C0-B15E-D9D18CFF0638}.Release|x86.Deploy.0 = Release|Any CPU
		{A6BAB127-5903-4B95-9A6F-4D48684FB863}.Debug|Any CPU.ActiveCfg = Debug|iPhoneSimulator
		{A6BAB127-5903-4B95-9A6F-4D48684FB863}.Debug|Any CPU.Build.0 = Debug|iPhoneSimulator
		{A6BAB127-5903-4B95-9A6F-4D48684FB863}.Debug|Any CPU.Deploy.0 = Debug|iPhoneSimulator
		{A6BAB127-5903-4B95-9A6F-4D48684FB863}.Debug|ARM.ActiveCfg = Debug|iPhoneSimulator
		{A6BAB127-5903-4B95-9A6F-4D48684FB863}.Debug|ARM.Build.0 = Debug|iPhoneSimulator
		{A6BAB127-5903-4B95-9A6F-4D48684FB863}.Debug|ARM.Deploy.0 = Debug|iPhoneSimulator
		{A6BAB127-5903-4B95-9A6F-4D48684FB863}.Debug|iPhone.ActiveCfg = Debug|iPhone
		{A6BAB127-5903-4B95-9A6F-4D48684FB863}.Debug|iPhone.Build.0 = Debug|iPhone
		{A6BAB127-5903-4B95-9A6F-4D48684FB863}.Debug|iPhone.Deploy.0 = Debug|iPhone
		{A6BAB127-5903-4B95-9A6F-4D48684FB863}.Debug|iPhoneSimulator.ActiveCfg = Debug|iPhoneSimulator
		{A6BAB127-5903-4B95-9A6F-4D48684FB863}.Debug|iPhoneSimulator.Build.0 = Debug|iPhoneSimulator
		{A6BAB127-5903-4B95-9A6F-4D48684FB863}.Debug|iPhoneSimulator.Deploy.0 = Debug|iPhoneSimulator
		{A6BAB127-5903-4B95-9A6F-4D48684FB863}.Debug|x64.ActiveCfg = Debug|iPhone
		{A6BAB127-5903-4B95-9A6F-4D48684FB863}.Debug|x64.Build.0 = Debug|iPhone
		{A6BAB127-5903-4B95-9A6F-4D48684FB863}.Debug|x64.Deploy.0 = Debug|iPhone
		{A6BAB127-5903-4B95-9A6F-4D48684FB863}.Debug|x86.ActiveCfg = Debug|iPhoneSimulator
		{A6BAB127-5903-4B95-9A6F-4D48684FB863}.Debug|x86.Build.0 = Debug|iPhoneSimulator
		{A6BAB127-5903-4B95-9A6F-4D48684FB863}.Debug|x86.Deploy.0 = Debug|iPhoneSimulator
		{A6BAB127-5903-4B95-9A6F-4D48684FB863}.Release|Any CPU.ActiveCfg = Release|iPhoneSimulator
		{A6BAB127-5903-4B95-9A6F-4D48684FB863}.Release|Any CPU.Build.0 = Release|iPhoneSimulator
		{A6BAB127-5903-4B95-9A6F-4D48684FB863}.Release|Any CPU.Deploy.0 = Release|iPhoneSimulator
		{A6BAB127-5903-4B95-9A6F-4D48684FB863}.Release|ARM.ActiveCfg = Release|iPhoneSimulator
		{A6BAB127-5903-4B95-9A6F-4D48684FB863}.Release|ARM.Build.0 = Release|iPhoneSimulator
		{A6BAB127-5903-4B95-9A6F-4D48684FB863}.Release|ARM.Deploy.0 = Release|iPhoneSimulator
		{A6BAB127-5903-4B95-9A6F-4D48684FB863}.Release|iPhone.ActiveCfg = Release|iPhone
		{A6BAB127-5903-4B95-9A6F-4D48684FB863}.Release|iPhone.Build.0 = Release|iPhone
		{A6BAB127-5903-4B95-9A6F-4D48684FB863}.Release|iPhone.Deploy.0 = Release|iPhone
		{A6BAB127-5903-4B95-9A6F-4D48684FB863}.Release|iPhoneSimulator.ActiveCfg = Release|iPhoneSimulator
		{A6BAB127-5903-4B95-9A6F-4D48684FB863}.Release|iPhoneSimulator.Build.0 = Release|iPhoneSimulator
		{A6BAB127-5903-4B95-9A6F-4D48684FB863}.Release|iPhoneSimulator.Deploy.0 = Release|iPhoneSimulator
		{A6BAB127-5903-4B95-9A6F-4D48684FB863}.Release|x64.ActiveCfg = Release|iPhoneSimulator
		{A6BAB127-5903-4B95-9A6F-4D48684FB863}.Release|x64.Build.0 = Release|iPhoneSimulator
		{A6BAB127-5903-4B95-9A6F-4D48684FB863}.Release|x64.Deploy.0 = Release|iPhoneSimulator
		{A6BAB127-5903-4B95-9A6F-4D48684FB863}.Release|x86.ActiveCfg = Release|iPhoneSimulator
		{A6BAB127-5903-4B95-9A6F-4D48684FB863}.Release|x86.Build.0 = Release|iPhoneSimulator
		{A6BAB127-5903-4B95-9A6F-4D48684FB863}.Release|x86.Deploy.0 = Release|iPhoneSimulator
		{1708B9C1-8D15-410A-AA37-4C087E04C4BE}.Debug|Any CPU.ActiveCfg = Debug|Any CPU
		{1708B9C1-8D15-410A-AA37-4C087E04C4BE}.Debug|Any CPU.Build.0 = Debug|Any CPU
		{1708B9C1-8D15-410A-AA37-4C087E04C4BE}.Debug|Any CPU.Deploy.0 = Debug|Any CPU
		{1708B9C1-8D15-410A-AA37-4C087E04C4BE}.Debug|ARM.ActiveCfg = Debug|Any CPU
		{1708B9C1-8D15-410A-AA37-4C087E04C4BE}.Debug|ARM.Build.0 = Debug|Any CPU
		{1708B9C1-8D15-410A-AA37-4C087E04C4BE}.Debug|ARM.Deploy.0 = Debug|Any CPU
		{1708B9C1-8D15-410A-AA37-4C087E04C4BE}.Debug|iPhone.ActiveCfg = Debug|Any CPU
		{1708B9C1-8D15-410A-AA37-4C087E04C4BE}.Debug|iPhone.Build.0 = Debug|Any CPU
		{1708B9C1-8D15-410A-AA37-4C087E04C4BE}.Debug|iPhone.Deploy.0 = Debug|Any CPU
		{1708B9C1-8D15-410A-AA37-4C087E04C4BE}.Debug|iPhoneSimulator.ActiveCfg = Debug|Any CPU
		{1708B9C1-8D15-410A-AA37-4C087E04C4BE}.Debug|iPhoneSimulator.Build.0 = Debug|Any CPU
		{1708B9C1-8D15-410A-AA37-4C087E04C4BE}.Debug|iPhoneSimulator.Deploy.0 = Debug|Any CPU
		{1708B9C1-8D15-410A-AA37-4C087E04C4BE}.Debug|x64.ActiveCfg = Debug|Any CPU
		{1708B9C1-8D15-410A-AA37-4C087E04C4BE}.Debug|x64.Build.0 = Debug|Any CPU
		{1708B9C1-8D15-410A-AA37-4C087E04C4BE}.Debug|x64.Deploy.0 = Debug|Any CPU
		{1708B9C1-8D15-410A-AA37-4C087E04C4BE}.Debug|x86.ActiveCfg = Debug|Any CPU
		{1708B9C1-8D15-410A-AA37-4C087E04C4BE}.Debug|x86.Build.0 = Debug|Any CPU
		{1708B9C1-8D15-410A-AA37-4C087E04C4BE}.Debug|x86.Deploy.0 = Debug|Any CPU
		{1708B9C1-8D15-410A-AA37-4C087E04C4BE}.Release|Any CPU.ActiveCfg = Release|Any CPU
		{1708B9C1-8D15-410A-AA37-4C087E04C4BE}.Release|Any CPU.Build.0 = Release|Any CPU
		{1708B9C1-8D15-410A-AA37-4C087E04C4BE}.Release|Any CPU.Deploy.0 = Release|Any CPU
		{1708B9C1-8D15-410A-AA37-4C087E04C4BE}.Release|ARM.ActiveCfg = Release|Any CPU
		{1708B9C1-8D15-410A-AA37-4C087E04C4BE}.Release|ARM.Build.0 = Release|Any CPU
		{1708B9C1-8D15-410A-AA37-4C087E04C4BE}.Release|ARM.Deploy.0 = Release|Any CPU
		{1708B9C1-8D15-410A-AA37-4C087E04C4BE}.Release|iPhone.ActiveCfg = Release|Any CPU
		{1708B9C1-8D15-410A-AA37-4C087E04C4BE}.Release|iPhone.Build.0 = Release|Any CPU
		{1708B9C1-8D15-410A-AA37-4C087E04C4BE}.Release|iPhone.Deploy.0 = Release|Any CPU
		{1708B9C1-8D15-410A-AA37-4C087E04C4BE}.Release|iPhoneSimulator.ActiveCfg = Release|Any CPU
		{1708B9C1-8D15-410A-AA37-4C087E04C4BE}.Release|iPhoneSimulator.Build.0 = Release|Any CPU
		{1708B9C1-8D15-410A-AA37-4C087E04C4BE}.Release|iPhoneSimulator.Deploy.0 = Release|Any CPU
		{1708B9C1-8D15-410A-AA37-4C087E04C4BE}.Release|x64.ActiveCfg = Release|Any CPU
		{1708B9C1-8D15-410A-AA37-4C087E04C4BE}.Release|x64.Build.0 = Release|Any CPU
		{1708B9C1-8D15-410A-AA37-4C087E04C4BE}.Release|x64.Deploy.0 = Release|Any CPU
		{1708B9C1-8D15-410A-AA37-4C087E04C4BE}.Release|x86.ActiveCfg = Release|Any CPU
		{1708B9C1-8D15-410A-AA37-4C087E04C4BE}.Release|x86.Build.0 = Release|Any CPU
		{1708B9C1-8D15-410A-AA37-4C087E04C4BE}.Release|x86.Deploy.0 = Release|Any CPU
	EndGlobalSection
	GlobalSection(SolutionProperties) = preSolution
		HideSolutionNode = FALSE
	EndGlobalSection
	GlobalSection(ExtensibilityGlobals) = postSolution
		SolutionGuid = {7E0FF19B-4092-49D5-BFCD-F4CB211CCD2B}
	EndGlobalSection
EndGlobal
